
Microsoft Visual Studio Solution File, Format Version 12.00
# Visual Studio Version 17
VisualStudioVersion = 17.5.33414.496
MinimumVisualStudioVersion = 10.0.40219.1
Project("{FAE04EC0-301F-11D3-BF4B-00C04F79EFBC}") = "PDP-Edu.Api", "PDP-Edu.Api\PDP-Edu.Api.csproj", "{117B8B32-B07C-46C4-AE35-206D3F026688}"
EndProject
Global
	GlobalSection(SolutionConfigurationPlatforms) = preSolution
		Debug|Any CPU = Debug|Any CPU
		Release|Any CPU = Release|Any CPU
	EndGlobalSection
	GlobalSection(ProjectConfigurationPlatforms) = postSolution
		{117B8B32-B07C-46C4-AE35-206D3F026688}.Debug|Any CPU.ActiveCfg = Debug|Any CPU
		{117B8B32-B07C-46C4-AE35-206D3F026688}.Debug|Any CPU.Build.0 = Debug|Any CPU
		{117B8B32-B07C-46C4-AE35-206D3F026688}.Release|Any CPU.ActiveCfg = Release|Any CPU
		{117B8B32-B07C-46C4-AE35-206D3F026688}.Release|Any CPU.Build.0 = Release|Any CPU
	EndGlobalSection
	GlobalSection(SolutionProperties) = preSolution
		HideSolutionNode = FALSE
	EndGlobalSection
	GlobalSection(ExtensibilityGlobals) = postSolution
		SolutionGuid = {A257EF22-207C-4860-920F-2658CD129FF7}
	EndGlobalSection
EndGlobal
